
Microsoft Visual Studio Solution File, Format Version 12.00
# Visual Studio 15
VisualStudioVersion = 15.0.27703.2018
MinimumVisualStudioVersion = 10.0.40219.1
Project("{FAE04EC0-301F-11D3-BF4B-00C04F79EFBC}") = "RhetosCLI", "RhetosCLI\RhetosCLI.csproj", "{6D987215-2D91-40A1-951E-3E25C51D7141}"
EndProject
Project("{FAE04EC0-301F-11D3-BF4B-00C04F79EFBC}") = "RhetosCLITests", "RhetosCLITests\RhetosCLITests.csproj", "{645A9E36-42A3-468C-BA61-69F6A249692E}"
EndProject
Global
	GlobalSection(SolutionConfigurationPlatforms) = preSolution
		Debug|Any CPU = Debug|Any CPU
		Release|Any CPU = Release|Any CPU
	EndGlobalSection
	GlobalSection(ProjectConfigurationPlatforms) = postSolution
		{6D987215-2D91-40A1-951E-3E25C51D7141}.Debug|Any CPU.ActiveCfg = Debug|Any CPU
		{6D987215-2D91-40A1-951E-3E25C51D7141}.Debug|Any CPU.Build.0 = Debug|Any CPU
		{6D987215-2D91-40A1-951E-3E25C51D7141}.Release|Any CPU.ActiveCfg = Release|Any CPU
		{6D987215-2D91-40A1-951E-3E25C51D7141}.Release|Any CPU.Build.0 = Release|Any CPU
		{645A9E36-42A3-468C-BA61-69F6A249692E}.Debug|Any CPU.ActiveCfg = Debug|Any CPU
		{645A9E36-42A3-468C-BA61-69F6A249692E}.Debug|Any CPU.Build.0 = Debug|Any CPU
		{645A9E36-42A3-468C-BA61-69F6A249692E}.Release|Any CPU.ActiveCfg = Release|Any CPU
		{645A9E36-42A3-468C-BA61-69F6A249692E}.Release|Any CPU.Build.0 = Release|Any CPU
	EndGlobalSection
	GlobalSection(SolutionProperties) = preSolution
		HideSolutionNode = FALSE
	EndGlobalSection
	GlobalSection(ExtensibilityGlobals) = postSolution
		SolutionGuid = {96C66435-3227-4E2B-84D7-ABEE301B3B82}
	EndGlobalSection
EndGlobal
